
Microsoft Visual Studio Solution File, Format Version 12.00
# Visual Studio 14
VisualStudioVersion = 14.0.25420.1
MinimumVisualStudioVersion = 10.0.40219.1
Project("{FAE04EC0-301F-11D3-BF4B-00C04F79EFBC}") = "Task_01", "Task_01\Task_01.csproj", "{1B8FDAB9-AFC0-4829-8DFB-AA3621C8FF85}"
EndProject
Project("{FAE04EC0-301F-11D3-BF4B-00C04F79EFBC}") = "Task_02", "Task_02\Task_02.csproj", "{41DBC0D1-F904-48E2-8DE9-25ABD07BAC66}"
EndProject
Global
	GlobalSection(SolutionConfigurationPlatforms) = preSolution
		Debug|Any CPU = Debug|Any CPU
		Release|Any CPU = Release|Any CPU
	EndGlobalSection
	GlobalSection(ProjectConfigurationPlatforms) = postSolution
		{1B8FDAB9-AFC0-4829-8DFB-AA3621C8FF85}.Debug|Any CPU.ActiveCfg = Debug|Any CPU
		{1B8FDAB9-AFC0-4829-8DFB-AA3621C8FF85}.Debug|Any CPU.Build.0 = Debug|Any CPU
		{1B8FDAB9-AFC0-4829-8DFB-AA3621C8FF85}.Release|Any CPU.ActiveCfg = Release|Any CPU
		{1B8FDAB9-AFC0-4829-8DFB-AA3621C8FF85}.Release|Any CPU.Build.0 = Release|Any CPU
		{41DBC0D1-F904-48E2-8DE9-25ABD07BAC66}.Debug|Any CPU.ActiveCfg = Debug|Any CPU
		{41DBC0D1-F904-48E2-8DE9-25ABD07BAC66}.Debug|Any CPU.Build.0 = Debug|Any CPU
		{41DBC0D1-F904-48E2-8DE9-25ABD07BAC66}.Release|Any CPU.ActiveCfg = Release|Any CPU
		{41DBC0D1-F904-48E2-8DE9-25ABD07BAC66}.Release|Any CPU.Build.0 = Release|Any CPU
	EndGlobalSection
	GlobalSection(SolutionProperties) = preSolution
		HideSolutionNode = FALSE
	EndGlobalSection
EndGlobal
