
Microsoft Visual Studio Solution File, Format Version 12.00
# Visual Studio 14
VisualStudioVersion = 14.0.25420.1
MinimumVisualStudioVersion = 10.0.40219.1
Project("{FAE04EC0-301F-11D3-BF4B-00C04F79EFBC}") = "Task_01", "Task_01\Task_01.csproj", "{CC343D93-F715-4983-BDF4-360BA185D356}"
EndProject
Project("{FAE04EC0-301F-11D3-BF4B-00C04F79EFBC}") = "Task_02", "Task_02\Task_02.csproj", "{1CF931C9-3AF6-4C5D-8EB1-C8E046F06154}"
EndProject
Project("{FAE04EC0-301F-11D3-BF4B-00C04F79EFBC}") = "Task_03", "Task_03\Task_03.csproj", "{117EC0CC-6080-4D40-A4C9-F27C96CF76AF}"
EndProject
Global
	GlobalSection(SolutionConfigurationPlatforms) = preSolution
		Debug|Any CPU = Debug|Any CPU
		Release|Any CPU = Release|Any CPU
	EndGlobalSection
	GlobalSection(ProjectConfigurationPlatforms) = postSolution
		{CC343D93-F715-4983-BDF4-360BA185D356}.Debug|Any CPU.ActiveCfg = Debug|Any CPU
		{CC343D93-F715-4983-BDF4-360BA185D356}.Debug|Any CPU.Build.0 = Debug|Any CPU
		{CC343D93-F715-4983-BDF4-360BA185D356}.Release|Any CPU.ActiveCfg = Release|Any CPU
		{CC343D93-F715-4983-BDF4-360BA185D356}.Release|Any CPU.Build.0 = Release|Any CPU
		{1CF931C9-3AF6-4C5D-8EB1-C8E046F06154}.Debug|Any CPU.ActiveCfg = Debug|Any CPU
		{1CF931C9-3AF6-4C5D-8EB1-C8E046F06154}.Debug|Any CPU.Build.0 = Debug|Any CPU
		{1CF931C9-3AF6-4C5D-8EB1-C8E046F06154}.Release|Any CPU.ActiveCfg = Release|Any CPU
		{1CF931C9-3AF6-4C5D-8EB1-C8E046F06154}.Release|Any CPU.Build.0 = Release|Any CPU
		{117EC0CC-6080-4D40-A4C9-F27C96CF76AF}.Debug|Any CPU.ActiveCfg = Debug|Any CPU
		{117EC0CC-6080-4D40-A4C9-F27C96CF76AF}.Debug|Any CPU.Build.0 = Debug|Any CPU
		{117EC0CC-6080-4D40-A4C9-F27C96CF76AF}.Release|Any CPU.ActiveCfg = Release|Any CPU
		{117EC0CC-6080-4D40-A4C9-F27C96CF76AF}.Release|Any CPU.Build.0 = Release|Any CPU
	EndGlobalSection
	GlobalSection(SolutionProperties) = preSolution
		HideSolutionNode = FALSE
	EndGlobalSection
EndGlobal
